// !$*UTF8*$!
{
	archiveVersion = 1;
	classes = {
	};
	objectVersion = 50;
	objects = {

/* Begin PBXBuildFile section */
		91176B3426B4062A0025AF5F /* MemeCollectionViewController.swift in Sources */ = {isa = PBXBuildFile; fileRef = 91176B3326B4062A0025AF5F /* MemeCollectionViewController.swift */; };
		91176B3626B407240025AF5F /* MemeTableViewController.swift in Sources */ = {isa = PBXBuildFile; fileRef = 91176B3526B407240025AF5F /* MemeTableViewController.swift */; };
		91176B3826B40F060025AF5F /* Meme.swift in Sources */ = {isa = PBXBuildFile; fileRef = 91176B3726B40F060025AF5F /* Meme.swift */; };
		91176B3A26B427570025AF5F /* MemeCollectionViewControllerCell.swift in Sources */ = {isa = PBXBuildFile; fileRef = 91176B3926B427570025AF5F /* MemeCollectionViewControllerCell.swift */; };
		91176B3D26B4352F0025AF5F /* detailViewController.swift in Sources */ = {isa = PBXBuildFile; fileRef = 91176B3C26B4352F0025AF5F /* detailViewController.swift */; };
		91176B3F26B44EAA0025AF5F /* MemeTableViewControllerCell.swift in Sources */ = {isa = PBXBuildFile; fileRef = 91176B3E26B44EAA0025AF5F /* MemeTableViewControllerCell.swift */; };
		9176448C26AB0F1700162E87 /* AppDelegate.swift in Sources */ = {isa = PBXBuildFile; fileRef = 9176448B26AB0F1700162E87 /* AppDelegate.swift */; };
		9176448E26AB0F1700162E87 /* SceneDelegate.swift in Sources */ = {isa = PBXBuildFile; fileRef = 9176448D26AB0F1700162E87 /* SceneDelegate.swift */; };
		9176449026AB0F1700162E87 /* ViewController.swift in Sources */ = {isa = PBXBuildFile; fileRef = 9176448F26AB0F1700162E87 /* ViewController.swift */; };
		9176449326AB0F1700162E87 /* Main.storyboard in Resources */ = {isa = PBXBuildFile; fileRef = 9176449126AB0F1700162E87 /* Main.storyboard */; };
		9176449526AB0F1900162E87 /* Assets.xcassets in Resources */ = {isa = PBXBuildFile; fileRef = 9176449426AB0F1900162E87 /* Assets.xcassets */; };
		9176449826AB0F1900162E87 /* LaunchScreen.storyboard in Resources */ = {isa = PBXBuildFile; fileRef = 9176449626AB0F1900162E87 /* LaunchScreen.storyboard */; };
/* End PBXBuildFile section */

/* Begin PBXFileReference section */
		91176B3326B4062A0025AF5F /* MemeCollectionViewController.swift */ = {isa = PBXFileReference; lastKnownFileType = sourcecode.swift; path = MemeCollectionViewController.swift; sourceTree = "<group>"; };
		91176B3526B407240025AF5F /* MemeTableViewController.swift */ = {isa = PBXFileReference; lastKnownFileType = sourcecode.swift; path = MemeTableViewController.swift; sourceTree = "<group>"; };
		91176B3726B40F060025AF5F /* Meme.swift */ = {isa = PBXFileReference; lastKnownFileType = sourcecode.swift; path = Meme.swift; sourceTree = "<group>"; };
		91176B3926B427570025AF5F /* MemeCollectionViewControllerCell.swift */ = {isa = PBXFileReference; lastKnownFileType = sourcecode.swift; path = MemeCollectionViewControllerCell.swift; sourceTree = "<group>"; };
		91176B3C26B4352F0025AF5F /* detailViewController.swift */ = {isa = PBXFileReference; lastKnownFileType = sourcecode.swift; path = detailViewController.swift; sourceTree = "<group>"; };
		91176B3E26B44EAA0025AF5F /* MemeTableViewControllerCell.swift */ = {isa = PBXFileReference; lastKnownFileType = sourcecode.swift; path = MemeTableViewControllerCell.swift; sourceTree = "<group>"; };
		9176448826AB0F1700162E87 /* MemeProject.app */ = {isa = PBXFileReference; explicitFileType = wrapper.application; includeInIndex = 0; path = MemeProject.app; sourceTree = BUILT_PRODUCTS_DIR; };
		9176448B26AB0F1700162E87 /* AppDelegate.swift */ = {isa = PBXFileReference; lastKnownFileType = sourcecode.swift; path = AppDelegate.swift; sourceTree = "<group>"; };
		9176448D26AB0F1700162E87 /* SceneDelegate.swift */ = {isa = PBXFileReference; lastKnownFileType = sourcecode.swift; path = SceneDelegate.swift; sourceTree = "<group>"; };
		9176448F26AB0F1700162E87 /* ViewController.swift */ = {isa = PBXFileReference; lastKnownFileType = sourcecode.swift; path = ViewController.swift; sourceTree = "<group>"; };
		9176449226AB0F1700162E87 /* Base */ = {isa = PBXFileReference; lastKnownFileType = file.storyboard; name = Base; path = Base.lproj/Main.storyboard; sourceTree = "<group>"; };
		9176449426AB0F1900162E87 /* Assets.xcassets */ = {isa = PBXFileReference; lastKnownFileType = folder.assetcatalog; path = Assets.xcassets; sourceTree = "<group>"; };
		9176449726AB0F1900162E87 /* Base */ = {isa = PBXFileReference; lastKnownFileType = file.storyboard; name = Base; path = Base.lproj/LaunchScreen.storyboard; sourceTree = "<group>"; };
		9176449926AB0F1900162E87 /* Info.plist */ = {isa = PBXFileReference; lastKnownFileType = text.plist.xml; path = Info.plist; sourceTree = "<group>"; };
/* End PBXFileReference section */

/* Begin PBXFrameworksBuildPhase section */
		9176448526AB0F1700162E87 /* Frameworks */ = {
			isa = PBXFrameworksBuildPhase;
			buildActionMask = 2147483647;
			files = (
			);
			runOnlyForDeploymentPostprocessing = 0;
		};
/* End PBXFrameworksBuildPhase section */

/* Begin PBXGroup section */
		91176B3B26B427870025AF5F /* Controllers */ = {
			isa = PBXGroup;
			children = (
				91176B3926B427570025AF5F /* MemeCollectionViewControllerCell.swift */,
				91176B3E26B44EAA0025AF5F /* MemeTableViewControllerCell.swift */,
				91176B3326B4062A0025AF5F /* MemeCollectionViewController.swift */,
				91176B3526B407240025AF5F /* MemeTableViewController.swift */,
				9176448F26AB0F1700162E87 /* ViewController.swift */,
				91176B3C26B4352F0025AF5F /* detailViewController.swift */,
			);
			path = Controllers;
			sourceTree = "<group>";
		};
		9176447F26AB0F1700162E87 = {
			isa = PBXGroup;
			children = (
				9176448A26AB0F1700162E87 /* MemeProject */,
				9176448926AB0F1700162E87 /* Products */,
			);
			sourceTree = "<group>";
		};
		9176448926AB0F1700162E87 /* Products */ = {
			isa = PBXGroup;
			children = (
				9176448826AB0F1700162E87 /* MemeProject.app */,
			);
			name = Products;
			sourceTree = "<group>";
		};
		9176448A26AB0F1700162E87 /* MemeProject */ = {
			isa = PBXGroup;
			children = (
				91176B3B26B427870025AF5F /* Controllers */,
				9176448B26AB0F1700162E87 /* AppDelegate.swift */,
				9176448D26AB0F1700162E87 /* SceneDelegate.swift */,
				9176449126AB0F1700162E87 /* Main.storyboard */,
				9176449426AB0F1900162E87 /* Assets.xcassets */,
				9176449626AB0F1900162E87 /* LaunchScreen.storyboard */,
				9176449926AB0F1900162E87 /* Info.plist */,
				91176B3726B40F060025AF5F /* Meme.swift */,
			);
			path = MemeProject;
			sourceTree = "<group>";
		};
/* End PBXGroup section */

/* Begin PBXNativeTarget section */
		9176448726AB0F1700162E87 /* MemeProject */ = {
			isa = PBXNativeTarget;
			buildConfigurationList = 9176449C26AB0F1900162E87 /* Build configuration list for PBXNativeTarget "MemeProject" */;
			buildPhases = (
				9176448426AB0F1700162E87 /* Sources */,
				9176448526AB0F1700162E87 /* Frameworks */,
				9176448626AB0F1700162E87 /* Resources */,
			);
			buildRules = (
			);
			dependencies = (
			);
			name = MemeProject;
			productName = MemeProject;
			productReference = 9176448826AB0F1700162E87 /* MemeProject.app */;
			productType = "com.apple.product-type.application";
		};
/* End PBXNativeTarget section */

/* Begin PBXProject section */
		9176448026AB0F1700162E87 /* Project object */ = {
			isa = PBXProject;
			attributes = {
				LastSwiftUpdateCheck = 1250;
				LastUpgradeCheck = 1250;
				TargetAttributes = {
					9176448726AB0F1700162E87 = {
						CreatedOnToolsVersion = 12.5.1;
					};
				};
			};
			buildConfigurationList = 9176448326AB0F1700162E87 /* Build configuration list for PBXProject "MemeProject" */;
			compatibilityVersion = "Xcode 9.3";
			developmentRegion = en;
			hasScannedForEncodings = 0;
			knownRegions = (
				en,
				Base,
			);
			mainGroup = 9176447F26AB0F1700162E87;
			productRefGroup = 9176448926AB0F1700162E87 /* Products */;
			projectDirPath = "";
			projectRoot = "";
			targets = (
				9176448726AB0F1700162E87 /* MemeProject */,
			);
		};
/* End PBXProject section */

/* Begin PBXResourcesBuildPhase section */
		9176448626AB0F1700162E87 /* Resources */ = {
			isa = PBXResourcesBuildPhase;
			buildActionMask = 2147483647;
			files = (
				9176449826AB0F1900162E87 /* LaunchScreen.storyboard in Resources */,
				9176449526AB0F1900162E87 /* Assets.xcassets in Resources */,
				9176449326AB0F1700162E87 /* Main.storyboard in Resources */,
			);
			runOnlyForDeploymentPostprocessing = 0;
		};
/* End PBXResourcesBuildPhase section */

/* Begin PBXSourcesBuildPhase section */
		9176448426AB0F1700162E87 /* Sources */ = {
			isa = PBXSourcesBuildPhase;
			buildActionMask = 2147483647;
			files = (
				91176B3A26B427570025AF5F /* MemeCollectionViewControllerCell.swift in Sources */,
				91176B3426B4062A0025AF5F /* MemeCollectionViewController.swift in Sources */,
				91176B3F26B44EAA0025AF5F /* MemeTableViewControllerCell.swift in Sources */,
				9176449026AB0F1700162E87 /* ViewController.swift in Sources */,
				9176448C26AB0F1700162E87 /* AppDelegate.swift in Sources */,
				91176B3826B40F060025AF5F /* Meme.swift in Sources */,
				91176B3626B407240025AF5F /* MemeTableViewController.swift in Sources */,
				9176448E26AB0F1700162E87 /* SceneDelegate.swift in Sources */,
				91176B3D26B4352F0025AF5F /* detailViewController.swift in Sources */,
			);
			runOnlyForDeploymentPostprocessing = 0;
		};
/* End PBXSourcesBuildPhase section */

/* Begin PBXVariantGroup section */
		9176449126AB0F1700162E87 /* Main.storyboard */ = {
			isa = PBXVariantGroup;
			children = (
				9176449226AB0F1700162E87 /* Base */,
			);
			name = Main.storyboard;
			sourceTree = "<group>";
		};
		9176449626AB0F1900162E87 /* LaunchScreen.storyboard */ = {
			isa = PBXVariantGroup;
			children = (
				9176449726AB0F1900162E87 /* Base */,
			);
			name = LaunchScreen.storyboard;
			sourceTree = "<group>";
		};
/* End PBXVariantGroup section */

/* Begin XCBuildConfiguration section */
		9176449A26AB0F1900162E87 /* Debug */ = {
			isa = XCBuildConfiguration;
			buildSettings = {
				ALWAYS_SEARCH_USER_PATHS = NO;
				CLANG_ANALYZER_NONNULL = YES;
				CLANG_ANALYZER_NUMBER_OBJECT_CONVERSION = YES_AGGRESSIVE;
				CLANG_CXX_LANGUAGE_STANDARD = "gnu++14";
				CLANG_CXX_LIBRARY = "libc++";
				CLANG_ENABLE_MODULES = YES;
				CLANG_ENABLE_OBJC_ARC = YES;
				CLANG_ENABLE_OBJC_WEAK = YES;
				CLANG_WARN_BLOCK_CAPTURE_AUTORELEASING = YES;
				CLANG_WARN_BOOL_CONVERSION = YES;
				CLANG_WARN_COMMA = YES;
				CLANG_WARN_CONSTANT_CONVERSION = YES;
				CLANG_WARN_DEPRECATED_OBJC_IMPLEMENTATIONS = YES;
				CLANG_WARN_DIRECT_OBJC_ISA_USAGE = YES_ERROR;
				CLANG_WARN_DOCUMENTATION_COMMENTS = YES;
				CLANG_WARN_EMPTY_BODY = YES;
				CLANG_WARN_ENUM_CONVERSION = YES;
				CLANG_WARN_INFINITE_RECURSION = YES;
				CLANG_WARN_INT_CONVERSION = YES;
				CLANG_WARN_NON_LITERAL_NULL_CONVERSION = YES;
				CLANG_WARN_OBJC_IMPLICIT_RETAIN_SELF = YES;
				CLANG_WARN_OBJC_LITERAL_CONVERSION = YES;
				CLANG_WARN_OBJC_ROOT_CLASS = YES_ERROR;
				CLANG_WARN_QUOTED_INCLUDE_IN_FRAMEWORK_HEADER = YES;
				CLANG_WARN_RANGE_LOOP_ANALYSIS = YES;
				CLANG_WARN_STRICT_PROTOTYPES = YES;
				CLANG_WARN_SUSPICIOUS_MOVE = YES;
				CLANG_WARN_UNGUARDED_AVAILABILITY = YES_AGGRESSIVE;
				CLANG_WARN_UNREACHABLE_CODE = YES;
				CLANG_WARN__DUPLICATE_METHOD_MATCH = YES;
				COPY_PHASE_STRIP = NO;
				DEBUG_INFORMATION_FORMAT = dwarf;
				ENABLE_STRICT_OBJC_MSGSEND = YES;
				ENABLE_TESTABILITY = YES;
				GCC_C_LANGUAGE_STANDARD = gnu11;
				GCC_DYNAMIC_NO_PIC = NO;
				GCC_NO_COMMON_BLOCKS = YES;
				GCC_OPTIMIZATION_LEVEL = 0;
				GCC_PREPROCESSOR_DEFINITIONS = (
					"DEBUG=1",
					"$(inherited)",
				);
				GCC_WARN_64_TO_32_BIT_CONVERSION = YES;
				GCC_WARN_ABOUT_RETURN_TYPE = YES_ERROR;
				GCC_WARN_UNDECLARED_SELECTOR = YES;
				GCC_WARN_UNINITIALIZED_AUTOS = YES_AGGRESSIVE;
				GCC_WARN_UNUSED_FUNCTION = YES;
				GCC_WARN_UNUSED_VARIABLE = YES;
				IPHONEOS_DEPLOYMENT_TARGET = 14.5;
				MTL_ENABLE_DEBUG_INFO = INCLUDE_SOURCE;
				MTL_FAST_MATH = YES;
				ONLY_ACTIVE_ARCH = YES;
				SDKROOT = iphoneos;
				SWIFT_ACTIVE_COMPILATION_CONDITIONS = DEBUG;
				SWIFT_OPTIMIZATION_LEVEL = "-Onone";
			};
			name = Debug;
		};
		9176449B26AB0F1900162E87 /* Release */ = {
			isa = XCBuildConfiguration;
			buildSettings = {
				ALWAYS_SEARCH_USER_PATHS = NO;
				CLANG_ANALYZER_NONNULL = YES;
				CLANG_ANALYZER_NUMBER_OBJECT_CONVERSION = YES_AGGRESSIVE;
				CLANG_CXX_LANGUAGE_STANDARD = "gnu++14";
				CLANG_CXX_LIBRARY = "libc++";
				CLANG_ENABLE_MODULES = YES;
				CLANG_ENABLE_OBJC_ARC = YES;
				CLANG_ENABLE_OBJC_WEAK = YES;
				CLANG_WARN_BLOCK_CAPTURE_AUTORELEASING = YES;
				CLANG_WARN_BOOL_CONVERSION = YES;
				CLANG_WARN_COMMA = YES;
				CLANG_WARN_CONSTANT_CONVERSION = YES;
				CLANG_WARN_DEPRECATED_OBJC_IMPLEMENTATIONS = YES;
				CLANG_WARN_DIRECT_OBJC_ISA_USAGE = YES_ERROR;
				CLANG_WARN_DOCUMENTATION_COMMENTS = YES;
				CLANG_WARN_EMPTY_BODY = YES;
				CLANG_WARN_ENUM_CONVERSION = YES;
				CLANG_WARN_INFINITE_RECURSION = YES;
				CLANG_WARN_INT_CONVERSION = YES;
				CLANG_WARN_NON_LITERAL_NULL_CONVERSION = YES;
				CLANG_WARN_OBJC_IMPLICIT_RETAIN_SELF = YES;
				CLANG_WARN_OBJC_LITERAL_CONVERSION = YES;
				CLANG_WARN_OBJC_ROOT_CLASS = YES_ERROR;
				CLANG_WARN_QUOTED_INCLUDE_IN_FRAMEWORK_HEADER = YES;
				CLANG_WARN_RANGE_LOOP_ANALYSIS = YES;
				CLANG_WARN_STRICT_PROTOTYPES = YES;
				CLANG_WARN_SUSPICIOUS_MOVE = YES;
				CLANG_WARN_UNGUARDED_AVAILABILITY = YES_AGGRESSIVE;
				CLANG_WARN_UNREACHABLE_CODE = YES;
				CLANG_WARN__DUPLICATE_METHOD_MATCH = YES;
				COPY_PHASE_STRIP = NO;
				DEBUG_INFORMATION_FORMAT = "dwarf-with-dsym";
				ENABLE_NS_ASSERTIONS = NO;
				ENABLE_STRICT_OBJC_MSGSEND = YES;
				GCC_C_LANGUAGE_STANDARD = gnu11;
				GCC_NO_COMMON_BLOCKS = YES;
				GCC_WARN_64_TO_32_BIT_CONVERSION = YES;
				GCC_WARN_ABOUT_RETURN_TYPE = YES_ERROR;
				GCC_WARN_UNDECLARED_SELECTOR = YES;
				GCC_WARN_UNINITIALIZED_AUTOS = YES_AGGRESSIVE;
				GCC_WARN_UNUSED_FUNCTION = YES;
				GCC_WARN_UNUSED_VARIABLE = YES;
				IPHONEOS_DEPLOYMENT_TARGET = 14.5;
				MTL_ENABLE_DEBUG_INFO = NO;
				MTL_FAST_MATH = YES;
				SDKROOT = iphoneos;
				SWIFT_COMPILATION_MODE = wholemodule;
				SWIFT_OPTIMIZATION_LEVEL = "-O";
				VALIDATE_PRODUCT = YES;
			};
			name = Release;
		};
		9176449D26AB0F1900162E87 /* Debug */ = {
			isa = XCBuildConfiguration;
			buildSettings = {
				ASSETCATALOG_COMPILER_APPICON_NAME = AppIcon;
				ASSETCATALOG_COMPILER_GLOBAL_ACCENT_COLOR_NAME = AccentColor;
				CODE_SIGN_STYLE = Automatic;
				DEVELOPMENT_TEAM = 89JK75TGQW;
				INFOPLIST_FILE = MemeProject/Info.plist;
				LD_RUNPATH_SEARCH_PATHS = (
					"$(inherited)",
					"@executable_path/Frameworks",
				);
				PRODUCT_BUNDLE_IDENTIFIER = com.yael.MemeProject;
				PRODUCT_NAME = "$(TARGET_NAME)";
				SWIFT_VERSION = 5.0;
				TARGETED_DEVICE_FAMILY = "1,2";
			};
			name = Debug;
		};
		9176449E26AB0F1900162E87 /* Release */ = {
			isa = XCBuildConfiguration;
			buildSettings = {
				ASSETCATALOG_COMPILER_APPICON_NAME = AppIcon;
				ASSETCATALOG_COMPILER_GLOBAL_ACCENT_COLOR_NAME = AccentColor;
				CODE_SIGN_STYLE = Automatic;
				DEVELOPMENT_TEAM = 89JK75TGQW;
				INFOPLIST_FILE = MemeProject/Info.plist;
				LD_RUNPATH_SEARCH_PATHS = (
					"$(inherited)",
					"@executable_path/Frameworks",
				);
				PRODUCT_BUNDLE_IDENTIFIER = com.yael.MemeProject;
				PRODUCT_NAME = "$(TARGET_NAME)";
				SWIFT_VERSION = 5.0;
				TARGETED_DEVICE_FAMILY = "1,2";
			};
			name = Release;
		};
/* End XCBuildConfiguration section */

/* Begin XCConfigurationList section */
		9176448326AB0F1700162E87 /* Build configuration list for PBXProject "MemeProject" */ = {
			isa = XCConfigurationList;
			buildConfigurations = (
				9176449A26AB0F1900162E87 /* Debug */,
				9176449B26AB0F1900162E87 /* Release */,
			);
			defaultConfigurationIsVisible = 0;
			defaultConfigurationName = Release;
		};
		9176449C26AB0F1900162E87 /* Build configuration list for PBXNativeTarget "MemeProject" */ = {
			isa = XCConfigurationList;
			buildConfigurations = (
				9176449D26AB0F1900162E87 /* Debug */,
				9176449E26AB0F1900162E87 /* Release */,
			);
			defaultConfigurationIsVisible = 0;
			defaultConfigurationName = Release;
		};
/* End XCConfigurationList section */
	};
	rootObject = 9176448026AB0F1700162E87 /* Project object */;
}
